
Microsoft Visual Studio Solution File, Format Version 12.00
# Visual Studio Version 16
VisualStudioVersion = 16.0.32413.511
MinimumVisualStudioVersion = 10.0.40219.1
Project("{FAE04EC0-301F-11D3-BF4B-00C04F79EFBC}") = "Stack_PeakAndPop", "Stack_PeakAndPop\Stack_PeakAndPop.csproj", "{50AC611B-80F4-4CD9-8342-F592277051DB}"
EndProject
Global
	GlobalSection(SolutionConfigurationPlatforms) = preSolution
		Debug|Any CPU = Debug|Any CPU
		Release|Any CPU = Release|Any CPU
	EndGlobalSection
	GlobalSection(ProjectConfigurationPlatforms) = postSolution
		{50AC611B-80F4-4CD9-8342-F592277051DB}.Debug|Any CPU.ActiveCfg = Debug|Any CPU
		{50AC611B-80F4-4CD9-8342-F592277051DB}.Debug|Any CPU.Build.0 = Debug|Any CPU
		{50AC611B-80F4-4CD9-8342-F592277051DB}.Release|Any CPU.ActiveCfg = Release|Any CPU
		{50AC611B-80F4-4CD9-8342-F592277051DB}.Release|Any CPU.Build.0 = Release|Any CPU
	EndGlobalSection
	GlobalSection(SolutionProperties) = preSolution
		HideSolutionNode = FALSE
	EndGlobalSection
	GlobalSection(ExtensibilityGlobals) = postSolution
		SolutionGuid = {07567958-B5A0-4D19-A775-5670E7CAD0E6}
	EndGlobalSection
EndGlobal
